
Microsoft Visual Studio Solution File, Format Version 12.00
# Visual Studio Version 16
VisualStudioVersion = 16.0.32929.386
MinimumVisualStudioVersion = 10.0.40219.1
Project("{FAE04EC0-301F-11D3-BF4B-00C04F79EFBC}") = "childCore", "childCore\childCore.csproj", "{61CB8A68-431E-4606-8168-84848F1E8E4F}"
EndProject
Global
	GlobalSection(SolutionConfigurationPlatforms) = preSolution
		Debug|Any CPU = Debug|Any CPU
		Release|Any CPU = Release|Any CPU
	EndGlobalSection
	GlobalSection(ProjectConfigurationPlatforms) = postSolution
		{61CB8A68-431E-4606-8168-84848F1E8E4F}.Debug|Any CPU.ActiveCfg = Debug|Any CPU
		{61CB8A68-431E-4606-8168-84848F1E8E4F}.Debug|Any CPU.Build.0 = Debug|Any CPU
		{61CB8A68-431E-4606-8168-84848F1E8E4F}.Release|Any CPU.ActiveCfg = Release|Any CPU
		{61CB8A68-431E-4606-8168-84848F1E8E4F}.Release|Any CPU.Build.0 = Release|Any CPU
	EndGlobalSection
	GlobalSection(SolutionProperties) = preSolution
		HideSolutionNode = FALSE
	EndGlobalSection
	GlobalSection(ExtensibilityGlobals) = postSolution
		SolutionGuid = {8C497172-C5F2-474F-B21A-252BE312EDFD}
	EndGlobalSection
EndGlobal
